
Microsoft Visual Studio Solution File, Format Version 12.00
# Visual Studio Version 17
VisualStudioVersion = 17.5.33530.505
MinimumVisualStudioVersion = 10.0.40219.1
Project("{FAE04EC0-301F-11D3-BF4B-00C04F79EFBC}") = "Calculadora.WindowsForm", "Calculadora.WindowsForm\Calculadora.WindowsForm.csproj", "{7BDD830B-2465-491D-BF86-D75E66036CEF}"
EndProject
Global
	GlobalSection(SolutionConfigurationPlatforms) = preSolution
		Debug|Any CPU = Debug|Any CPU
		Release|Any CPU = Release|Any CPU
	EndGlobalSection
	GlobalSection(ProjectConfigurationPlatforms) = postSolution
		{7BDD830B-2465-491D-BF86-D75E66036CEF}.Debug|Any CPU.ActiveCfg = Debug|Any CPU
		{7BDD830B-2465-491D-BF86-D75E66036CEF}.Debug|Any CPU.Build.0 = Debug|Any CPU
		{7BDD830B-2465-491D-BF86-D75E66036CEF}.Release|Any CPU.ActiveCfg = Release|Any CPU
		{7BDD830B-2465-491D-BF86-D75E66036CEF}.Release|Any CPU.Build.0 = Release|Any CPU
	EndGlobalSection
	GlobalSection(SolutionProperties) = preSolution
		HideSolutionNode = FALSE
	EndGlobalSection
	GlobalSection(ExtensibilityGlobals) = postSolution
		SolutionGuid = {8235E32B-82C0-48E1-A684-FFE4E997A8ED}
	EndGlobalSection
EndGlobal
